
Microsoft Visual Studio Solution File, Format Version 12.00
# Visual Studio Version 17
VisualStudioVersion = 17.5.002.0
MinimumVisualStudioVersion = 10.0.40219.1
Project("{9A19103F-16F7-4668-BE54-9A1E7A4F7556}") = "TestZen", "TestZen.csproj", "{AA3C15A9-D751-4C74-BBED-5B59D6B37DEC}"
EndProject
Global
	GlobalSection(SolutionConfigurationPlatforms) = preSolution
		Debug|Any CPU = Debug|Any CPU
		Release|Any CPU = Release|Any CPU
	EndGlobalSection
	GlobalSection(ProjectConfigurationPlatforms) = postSolution
		{AA3C15A9-D751-4C74-BBED-5B59D6B37DEC}.Debug|Any CPU.ActiveCfg = Debug|Any CPU
		{AA3C15A9-D751-4C74-BBED-5B59D6B37DEC}.Debug|Any CPU.Build.0 = Debug|Any CPU
		{AA3C15A9-D751-4C74-BBED-5B59D6B37DEC}.Release|Any CPU.ActiveCfg = Release|Any CPU
		{AA3C15A9-D751-4C74-BBED-5B59D6B37DEC}.Release|Any CPU.Build.0 = Release|Any CPU
	EndGlobalSection
	GlobalSection(SolutionProperties) = preSolution
		HideSolutionNode = FALSE
	EndGlobalSection
	GlobalSection(ExtensibilityGlobals) = postSolution
		SolutionGuid = {A86C9555-6B7A-4C56-BA8B-E963148A49B0}
	EndGlobalSection
EndGlobal
